
Microsoft Visual Studio Solution File, Format Version 12.00
# Visual Studio Version 17
VisualStudioVersion = 17.7.34031.279
MinimumVisualStudioVersion = 10.0.40219.1
Project("{FAE04EC0-301F-11D3-BF4B-00C04F79EFBC}") = "AbstractClass", "AbstractClass\AbstractClass.csproj", "{21DF7FAF-67F8-4A27-82AF-FCAF54D08FAA}"
EndProject
Global
	GlobalSection(SolutionConfigurationPlatforms) = preSolution
		Debug|Any CPU = Debug|Any CPU
		Release|Any CPU = Release|Any CPU
	EndGlobalSection
	GlobalSection(ProjectConfigurationPlatforms) = postSolution
		{21DF7FAF-67F8-4A27-82AF-FCAF54D08FAA}.Debug|Any CPU.ActiveCfg = Debug|Any CPU
		{21DF7FAF-67F8-4A27-82AF-FCAF54D08FAA}.Debug|Any CPU.Build.0 = Debug|Any CPU
		{21DF7FAF-67F8-4A27-82AF-FCAF54D08FAA}.Release|Any CPU.ActiveCfg = Release|Any CPU
		{21DF7FAF-67F8-4A27-82AF-FCAF54D08FAA}.Release|Any CPU.Build.0 = Release|Any CPU
	EndGlobalSection
	GlobalSection(SolutionProperties) = preSolution
		HideSolutionNode = FALSE
	EndGlobalSection
	GlobalSection(ExtensibilityGlobals) = postSolution
		SolutionGuid = {12BCC470-1393-469A-AE7D-D3C0F5D60AAF}
	EndGlobalSection
EndGlobal
